
Microsoft Visual Studio Solution File, Format Version 12.00
# Visual Studio Version 17
VisualStudioVersion = 17.12.35527.113
MinimumVisualStudioVersion = 10.0.40219.1
Project("{FAE04EC0-301F-11D3-BF4B-00C04F79EFBC}") = "Mcp.Api", "src\Mcp.Api\Mcp.Api.csproj", "{C74D0A37-4997-4AAC-B569-767244B117AB}"
EndProject
Project("{FAE04EC0-301F-11D3-BF4B-00C04F79EFBC}") = "Mcp.Core", "src\Mcp.Core\Mcp.Core.csproj", "{18D139CC-5486-45D1-96B8-8E4F4C0CCB26}"
EndProject
Project("{FAE04EC0-301F-11D3-BF4B-00C04F79EFBC}") = "Mcp.Server", "src\Mcp.Server\Mcp.Server.csproj", "{E6A59DAA-2801-4B7E-AFE6-CCB6051D5499}"
EndProject
Global
	GlobalSection(SolutionConfigurationPlatforms) = preSolution
		Debug|Any CPU = Debug|Any CPU
		Release|Any CPU = Release|Any CPU
	EndGlobalSection
	GlobalSection(ProjectConfigurationPlatforms) = postSolution
		{C74D0A37-4997-4AAC-B569-767244B117AB}.Debug|Any CPU.ActiveCfg = Debug|Any CPU
		{C74D0A37-4997-4AAC-B569-767244B117AB}.Debug|Any CPU.Build.0 = Debug|Any CPU
		{C74D0A37-4997-4AAC-B569-767244B117AB}.Release|Any CPU.ActiveCfg = Release|Any CPU
		{C74D0A37-4997-4AAC-B569-767244B117AB}.Release|Any CPU.Build.0 = Release|Any CPU
		{18D139CC-5486-45D1-96B8-8E4F4C0CCB26}.Debug|Any CPU.ActiveCfg = Debug|Any CPU
		{18D139CC-5486-45D1-96B8-8E4F4C0CCB26}.Debug|Any CPU.Build.0 = Debug|Any CPU
		{18D139CC-5486-45D1-96B8-8E4F4C0CCB26}.Release|Any CPU.ActiveCfg = Release|Any CPU
		{18D139CC-5486-45D1-96B8-8E4F4C0CCB26}.Release|Any CPU.Build.0 = Release|Any CPU
		{E6A59DAA-2801-4B7E-AFE6-CCB6051D5499}.Debug|Any CPU.ActiveCfg = Debug|Any CPU
		{E6A59DAA-2801-4B7E-AFE6-CCB6051D5499}.Debug|Any CPU.Build.0 = Debug|Any CPU
		{E6A59DAA-2801-4B7E-AFE6-CCB6051D5499}.Release|Any CPU.ActiveCfg = Release|Any CPU
		{E6A59DAA-2801-4B7E-AFE6-CCB6051D5499}.Release|Any CPU.Build.0 = Release|Any CPU
	EndGlobalSection
	GlobalSection(SolutionProperties) = preSolution
		HideSolutionNode = FALSE
	EndGlobalSection
EndGlobal
